// !$*UTF8*$!
{
	archiveVersion = 1;
	classes = {
	};
	objectVersion = 46;
	objects = {

/* Begin PBXAggregateTarget section */
		24416B8111C4CA220047AFDD /* Build & Test */ = {
			isa = PBXAggregateTarget;
			buildConfigurationList = 24416B8A11C4CA520047AFDD /* Build configuration list for PBXAggregateTarget "Build & Test" */;
			buildPhases = (
				24416B8011C4CA220047AFDD /* ShellScript */,
			);
			dependencies = (
				24416B8511C4CA280047AFDD /* PBXTargetDependency */,
			);
			name = "Build & Test";
			productName = "Build & test";
		};
/* End PBXAggregateTarget section */

/* Begin PBXBuildFile section */
		24DD6CF91134B3F500162E58 /* Com0x82WebserverModule.h in Headers */ = {isa = PBXBuildFile; fileRef = 24DD6CF71134B3F500162E58 /* Com0x82WebserverModule.h */; };
		24DD6CFA1134B3F500162E58 /* Com0x82WebserverModule.m in Sources */ = {isa = PBXBuildFile; fileRef = 24DD6CF81134B3F500162E58 /* Com0x82WebserverModule.m */; };
		24DE9E1111C5FE74003F90F6 /* Com0x82WebserverModuleAssets.h in Headers */ = {isa = PBXBuildFile; fileRef = 24DE9E0F11C5FE74003F90F6 /* Com0x82WebserverModuleAssets.h */; };
		24DE9E1211C5FE74003F90F6 /* Com0x82WebserverModuleAssets.mm in Sources */ = {isa = PBXBuildFile; fileRef = 24DE9E1011C5FE74003F90F6 /* Com0x82WebserverModuleAssets.mm */; };
		3E038343157F90610057069F /* MyHTTPDataResponse.h in Headers */ = {isa = PBXBuildFile; fileRef = 3E038341157F90610057069F /* MyHTTPDataResponse.h */; };
		3E038344157F90610057069F /* MyHTTPDataResponse.m in Sources */ = {isa = PBXBuildFile; fileRef = 3E038342157F90610057069F /* MyHTTPDataResponse.m */; };
		3E038347157F90980057069F /* MyHTTPFileResponse.h in Headers */ = {isa = PBXBuildFile; fileRef = 3E038345157F90980057069F /* MyHTTPFileResponse.h */; };
		3E038348157F90980057069F /* MyHTTPFileResponse.m in Sources */ = {isa = PBXBuildFile; fileRef = 3E038346157F90980057069F /* MyHTTPFileResponse.m */; };
		3E623107157009B2002FFA40 /* MyHTTPConnection.h in Headers */ = {isa = PBXBuildFile; fileRef = 3E623105157009B2002FFA40 /* MyHTTPConnection.h */; };
		3E623108157009B2002FFA40 /* MyHTTPConnection.m in Sources */ = {isa = PBXBuildFile; fileRef = 3E623106157009B2002FFA40 /* MyHTTPConnection.m */; };
		AA747D9F0F9514B9006C5449 /* MattWebserver_Prefix.pch in Headers */ = {isa = PBXBuildFile; fileRef = AA747D9E0F9514B9006C5449 /* MattWebserver_Prefix.pch */; };
		AACBBE4A0F95108600F1A2B1 /* Foundation.framework in Frameworks */ = {isa = PBXBuildFile; fileRef = AACBBE490F95108600F1A2B1 /* Foundation.framework */; };
		C9E2361315407FEB00B6F484 /* Com0x82WebserverCallbackProxy.h in Headers */ = {isa = PBXBuildFile; fileRef = C9E2361115407FEB00B6F484 /* Com0x82WebserverCallbackProxy.h */; };
		C9E2361415407FEB00B6F484 /* Com0x82WebserverCallbackProxy.m in Sources */ = {isa = PBXBuildFile; fileRef = C9E2361215407FEB00B6F484 /* Com0x82WebserverCallbackProxy.m */; };
		C9E636661539F1BB00BADBC8 /* UIKit.framework in Frameworks */ = {isa = PBXBuildFile; fileRef = C9E636651539F1BB00BADBC8 /* UIKit.framework */; };
		C9E636681539F1C200BADBC8 /* CFNetwork.framework in Frameworks */ = {isa = PBXBuildFile; fileRef = C9E636671539F1C200BADBC8 /* CFNetwork.framework */; };
		C9E6366A1539F1C900BADBC8 /* CoreGraphics.framework in Frameworks */ = {isa = PBXBuildFile; fileRef = C9E636691539F1C900BADBC8 /* CoreGraphics.framework */; };
/* End PBXBuildFile section */

/* Begin PBXContainerItemProxy section */
		24416B8411C4CA280047AFDD /* PBXContainerItemProxy */ = {
			isa = PBXContainerItemProxy;
			containerPortal = 0867D690FE84028FC02AAC07 /* Project object */;
			proxyType = 1;
			remoteGlobalIDString = D2AAC07D0554694100DB518D;
			remoteInfo = webserver;
		};
/* End PBXContainerItemProxy section */

/* Begin PBXFileReference section */
		24DD6CF71134B3F500162E58 /* Com0x82WebserverModule.h */ = {isa = PBXFileReference; fileEncoding = 4; lastKnownFileType = sourcecode.c.h; name = Com0x82WebserverModule.h; path = Classes/Com0x82WebserverModule.h; sourceTree = "<group>"; };
		24DD6CF81134B3F500162E58 /* Com0x82WebserverModule.m */ = {isa = PBXFileReference; fileEncoding = 4; lastKnownFileType = sourcecode.c.objc; name = Com0x82WebserverModule.m; path = Classes/Com0x82WebserverModule.m; sourceTree = "<group>"; };
		24DD6D1B1134B66800162E58 /* titanium.xcconfig */ = {isa = PBXFileReference; fileEncoding = 4; lastKnownFileType = text.xcconfig; path = titanium.xcconfig; sourceTree = "<group>"; };
		24DE9E0F11C5FE74003F90F6 /* Com0x82WebserverModuleAssets.h */ = {isa = PBXFileReference; fileEncoding = 4; lastKnownFileType = sourcecode.c.h; name = Com0x82WebserverModuleAssets.h; path = Classes/Com0x82WebserverModuleAssets.h; sourceTree = "<group>"; };
		24DE9E1011C5FE74003F90F6 /* Com0x82WebserverModuleAssets.mm */ = {isa = PBXFileReference; fileEncoding = 4; lastKnownFileType = sourcecode.cpp.objcpp; name = Com0x82WebserverModuleAssets.mm; path = Classes/Com0x82WebserverModuleAssets.mm; sourceTree = "<group>"; };
		3E038341157F90610057069F /* MyHTTPDataResponse.h */ = {isa = PBXFileReference; fileEncoding = 4; lastKnownFileType = sourcecode.c.h; name = MyHTTPDataResponse.h; path = Classes/MyHTTPDataResponse.h; sourceTree = "<group>"; };
		3E038342157F90610057069F /* MyHTTPDataResponse.m */ = {isa = PBXFileReference; fileEncoding = 4; lastKnownFileType = sourcecode.c.objc; name = MyHTTPDataResponse.m; path = Classes/MyHTTPDataResponse.m; sourceTree = "<group>"; };
		3E038345157F90980057069F /* MyHTTPFileResponse.h */ = {isa = PBXFileReference; fileEncoding = 4; lastKnownFileType = sourcecode.c.h; name = MyHTTPFileResponse.h; path = Classes/MyHTTPFileResponse.h; sourceTree = "<group>"; };
		3E038346157F90980057069F /* MyHTTPFileResponse.m */ = {isa = PBXFileReference; fileEncoding = 4; lastKnownFileType = sourcecode.c.objc; name = MyHTTPFileResponse.m; path = Classes/MyHTTPFileResponse.m; sourceTree = "<group>"; };
		3E623105157009B2002FFA40 /* MyHTTPConnection.h */ = {isa = PBXFileReference; fileEncoding = 4; lastKnownFileType = sourcecode.c.h; name = MyHTTPConnection.h; path = Classes/MyHTTPConnection.h; sourceTree = "<group>"; };
		3E623106157009B2002FFA40 /* MyHTTPConnection.m */ = {isa = PBXFileReference; fileEncoding = 4; lastKnownFileType = sourcecode.c.objc; name = MyHTTPConnection.m; path = Classes/MyHTTPConnection.m; sourceTree = "<group>"; };
		AA747D9E0F9514B9006C5449 /* MattWebserver_Prefix.pch */ = {isa = PBXFileReference; fileEncoding = 4; lastKnownFileType = sourcecode.c.h; path = MattWebserver_Prefix.pch; sourceTree = SOURCE_ROOT; };
		AACBBE490F95108600F1A2B1 /* Foundation.framework */ = {isa = PBXFileReference; lastKnownFileType = wrapper.framework; name = Foundation.framework; path = System/Library/Frameworks/Foundation.framework; sourceTree = SDKROOT; };
		C9E2361115407FEB00B6F484 /* Com0x82WebserverCallbackProxy.h */ = {isa = PBXFileReference; fileEncoding = 4; lastKnownFileType = sourcecode.c.h; name = Com0x82WebserverCallbackProxy.h; path = Classes/Com0x82WebserverCallbackProxy.h; sourceTree = "<group>"; };
		C9E2361215407FEB00B6F484 /* Com0x82WebserverCallbackProxy.m */ = {isa = PBXFileReference; fileEncoding = 4; lastKnownFileType = sourcecode.c.objc; name = Com0x82WebserverCallbackProxy.m; path = Classes/Com0x82WebserverCallbackProxy.m; sourceTree = "<group>"; };
		C9E636651539F1BB00BADBC8 /* UIKit.framework */ = {isa = PBXFileReference; lastKnownFileType = wrapper.framework; name = UIKit.framework; path = System/Library/Frameworks/UIKit.framework; sourceTree = SDKROOT; };
		C9E636671539F1C200BADBC8 /* CFNetwork.framework */ = {isa = PBXFileReference; lastKnownFileType = wrapper.framework; name = CFNetwork.framework; path = System/Library/Frameworks/CFNetwork.framework; sourceTree = SDKROOT; };
		C9E636691539F1C900BADBC8 /* CoreGraphics.framework */ = {isa = PBXFileReference; lastKnownFileType = wrapper.framework; name = CoreGraphics.framework; path = System/Library/Frameworks/CoreGraphics.framework; sourceTree = SDKROOT; };
		D2AAC07E0554694100DB518D /* libMattWebserver.a */ = {isa = PBXFileReference; explicitFileType = archive.ar; includeInIndex = 0; path = libMattWebserver.a; sourceTree = BUILT_PRODUCTS_DIR; };
		D9941A8617006ADA00F858DA /* About.txt */ = {isa = PBXFileReference; fileEncoding = 4; lastKnownFileType = text; path = About.txt; sourceTree = "<group>"; };
		D9941A8717006ADA00F858DA /* GCDAsyncSocket.h */ = {isa = PBXFileReference; fileEncoding = 4; lastKnownFileType = sourcecode.c.h; path = GCDAsyncSocket.h; sourceTree = "<group>"; };
		D9941A8817006ADA00F858DA /* GCDAsyncSocket.m */ = {isa = PBXFileReference; fileEncoding = 4; lastKnownFileType = sourcecode.c.objc; path = GCDAsyncSocket.m; sourceTree = "<group>"; };
		D9941A8A17006ADA00F858DA /* About.txt */ = {isa = PBXFileReference; fileEncoding = 4; lastKnownFileType = text; path = About.txt; sourceTree = "<group>"; };
		D9941A8B17006ADA00F858DA /* DDAbstractDatabaseLogger.h */ = {isa = PBXFileReference; fileEncoding = 4; lastKnownFileType = sourcecode.c.h; path = DDAbstractDatabaseLogger.h; sourceTree = "<group>"; };
		D9941A8C17006ADA00F858DA /* DDAbstractDatabaseLogger.m */ = {isa = PBXFileReference; fileEncoding = 4; lastKnownFileType = sourcecode.c.objc; path = DDAbstractDatabaseLogger.m; sourceTree = "<group>"; };
		D9941A8D17006ADA00F858DA /* DDASLLogger.h */ = {isa = PBXFileReference; fileEncoding = 4; lastKnownFileType = sourcecode.c.h; path = DDASLLogger.h; sourceTree = "<group>"; };
		D9941A8E17006ADA00F858DA /* DDASLLogger.m */ = {isa = PBXFileReference; fileEncoding = 4; lastKnownFileType = sourcecode.c.objc; path = DDASLLogger.m; sourceTree = "<group>"; };
		D9941A8F17006ADA00F858DA /* DDFileLogger.h */ = {isa = PBXFileReference; fileEncoding = 4; lastKnownFileType = sourcecode.c.h; path = DDFileLogger.h; sourceTree = "<group>"; };
		D9941A9017006ADA00F858DA /* DDFileLogger.m */ = {isa = PBXFileReference; fileEncoding = 4; lastKnownFileType = sourcecode.c.objc; path = DDFileLogger.m; sourceTree = "<group>"; };
		D9941A9117006ADA00F858DA /* DDLog.h */ = {isa = PBXFileReference; fileEncoding = 4; lastKnownFileType = sourcecode.c.h; path = DDLog.h; sourceTree = "<group>"; };
		D9941A9217006ADA00F858DA /* DDLog.m */ = {isa = PBXFileReference; fileEncoding = 4; lastKnownFileType = sourcecode.c.objc; path = DDLog.m; sourceTree = "<group>"; };
		D9941A9317006ADA00F858DA /* DDTTYLogger.h */ = {isa = PBXFileReference; fileEncoding = 4; lastKnownFileType = sourcecode.c.h; path = DDTTYLogger.h; sourceTree = "<group>"; };
		D9941A9417006ADA00F858DA /* DDTTYLogger.m */ = {isa = PBXFileReference; fileEncoding = 4; lastKnownFileType = sourcecode.c.objc; path = DDTTYLogger.m; sourceTree = "<group>"; };
		D9941A9617006ADA00F858DA /* ContextFilterLogFormatter.h */ = {isa = PBXFileReference; fileEncoding = 4; lastKnownFileType = sourcecode.c.h; path = ContextFilterLogFormatter.h; sourceTree = "<group>"; };
		D9941A9717006ADA00F858DA /* ContextFilterLogFormatter.m */ = {isa = PBXFileReference; fileEncoding = 4; lastKnownFileType = sourcecode.c.objc; path = ContextFilterLogFormatter.m; sourceTree = "<group>"; };
		D9941A9817006ADA00F858DA /* DispatchQueueLogFormatter.h */ = {isa = PBXFileReference; fileEncoding = 4; lastKnownFileType = sourcecode.c.h; path = DispatchQueueLogFormatter.h; sourceTree = "<group>"; };
		D9941A9917006ADA00F858DA /* DispatchQueueLogFormatter.m */ = {isa = PBXFileReference; fileEncoding = 4; lastKnownFileType = sourcecode.c.objc; path = DispatchQueueLogFormatter.m; sourceTree = "<group>"; };
		D9941A9A17006ADA00F858DA /* README.txt */ = {isa = PBXFileReference; fileEncoding = 4; lastKnownFileType = text; path = README.txt; sourceTree = "<group>"; };
		D9941A9D17006AE000F858DA /* DDData.h */ = {isa = PBXFileReference; fileEncoding = 4; lastKnownFileType = sourcecode.c.h; path = DDData.h; sourceTree = "<group>"; };
		D9941A9E17006AE000F858DA /* DDData.m */ = {isa = PBXFileReference; fileEncoding = 4; lastKnownFileType = sourcecode.c.objc; path = DDData.m; sourceTree = "<group>"; };
		D9941A9F17006AE000F858DA /* DDNumber.h */ = {isa = PBXFileReference; fileEncoding = 4; lastKnownFileType = sourcecode.c.h; path = DDNumber.h; sourceTree = "<group>"; };
		D9941AA017006AE000F858DA /* DDNumber.m */ = {isa = PBXFileReference; fileEncoding = 4; lastKnownFileType = sourcecode.c.objc; path = DDNumber.m; sourceTree = "<group>"; };
		D9941AA117006AE000F858DA /* DDRange.h */ = {isa = PBXFileReference; fileEncoding = 4; lastKnownFileType = sourcecode.c.h; path = DDRange.h; sourceTree = "<group>"; };
		D9941AA217006AE000F858DA /* DDRange.m */ = {isa = PBXFileReference; fileEncoding = 4; lastKnownFileType = sourcecode.c.objc; path = DDRange.m; sourceTree = "<group>"; };
		D9941AA317006AE000F858DA /* HTTPAuthenticationRequest.h */ = {isa = PBXFileReference; fileEncoding = 4; lastKnownFileType = sourcecode.c.h; path = HTTPAuthenticationRequest.h; sourceTree = "<group>"; };
		D9941AA417006AE000F858DA /* HTTPAuthenticationRequest.m */ = {isa = PBXFileReference; fileEncoding = 4; lastKnownFileType = sourcecode.c.objc; path = HTTPAuthenticationRequest.m; sourceTree = "<group>"; };
		D9941AA517006AE000F858DA /* HTTPConnection.h */ = {isa = PBXFileReference; fileEncoding = 4; lastKnownFileType = sourcecode.c.h; path = HTTPConnection.h; sourceTree = "<group>"; };
		D9941AA617006AE000F858DA /* HTTPConnection.m */ = {isa = PBXFileReference; fileEncoding = 4; lastKnownFileType = sourcecode.c.objc; path = HTTPConnection.m; sourceTree = "<group>"; };
		D9941AA717006AE000F858DA /* HTTPLogging.h */ = {isa = PBXFileReference; fileEncoding = 4; lastKnownFileType = sourcecode.c.h; path = HTTPLogging.h; sourceTree = "<group>"; };
		D9941AA817006AE000F858DA /* HTTPMessage.h */ = {isa = PBXFileReference; fileEncoding = 4; lastKnownFileType = sourcecode.c.h; path = HTTPMessage.h; sourceTree = "<group>"; };
		D9941AA917006AE000F858DA /* HTTPMessage.m */ = {isa = PBXFileReference; fileEncoding = 4; lastKnownFileType = sourcecode.c.objc; path = HTTPMessage.m; sourceTree = "<group>"; };
		D9941AAA17006AE000F858DA /* HTTPResponse.h */ = {isa = PBXFileReference; fileEncoding = 4; lastKnownFileType = sourcecode.c.h; path = HTTPResponse.h; sourceTree = "<group>"; };
		D9941AAB17006AE000F858DA /* HTTPServer.h */ = {isa = PBXFileReference; fileEncoding = 4; lastKnownFileType = sourcecode.c.h; path = HTTPServer.h; sourceTree = "<group>"; };
		D9941AAC17006AE000F858DA /* HTTPServer.m */ = {isa = PBXFileReference; fileEncoding = 4; lastKnownFileType = sourcecode.c.objc; path = HTTPServer.m; sourceTree = "<group>"; };
		D9941AAE17006AE000F858DA /* MultipartFormDataParser.h */ = {isa = PBXFileReference; fileEncoding = 4; lastKnownFileType = sourcecode.c.h; path = MultipartFormDataParser.h; sourceTree = "<group>"; };
		D9941AAF17006AE000F858DA /* MultipartFormDataParser.m */ = {isa = PBXFileReference; fileEncoding = 4; lastKnownFileType = sourcecode.c.objc; path = MultipartFormDataParser.m; sourceTree = "<group>"; };
		D9941AB017006AE000F858DA /* MultipartMessageHeader.h */ = {isa = PBXFileReference; fileEncoding = 4; lastKnownFileType = sourcecode.c.h; path = MultipartMessageHeader.h; sourceTree = "<group>"; };
		D9941AB117006AE000F858DA /* MultipartMessageHeader.m */ = {isa = PBXFileReference; fileEncoding = 4; lastKnownFileType = sourcecode.c.objc; path = MultipartMessageHeader.m; sourceTree = "<group>"; };
		D9941AB217006AE000F858DA /* MultipartMessageHeaderField.h */ = {isa = PBXFileReference; fileEncoding = 4; lastKnownFileType = sourcecode.c.h; path = MultipartMessageHeaderField.h; sourceTree = "<group>"; };
		D9941AB317006AE000F858DA /* MultipartMessageHeaderField.m */ = {isa = PBXFileReference; fileEncoding = 4; lastKnownFileType = sourcecode.c.objc; path = MultipartMessageHeaderField.m; sourceTree = "<group>"; };
		D9941AB517006AE000F858DA /* HTTPAsyncFileResponse.h */ = {isa = PBXFileReference; fileEncoding = 4; lastKnownFileType = sourcecode.c.h; path = HTTPAsyncFileResponse.h; sourceTree = "<group>"; };
		D9941AB617006AE000F858DA /* HTTPAsyncFileResponse.m */ = {isa = PBXFileReference; fileEncoding = 4; lastKnownFileType = sourcecode.c.objc; path = HTTPAsyncFileResponse.m; sourceTree = "<group>"; };
		D9941AB717006AE000F858DA /* HTTPDataResponse.h */ = {isa = PBXFileReference; fileEncoding = 4; lastKnownFileType = sourcecode.c.h; path = HTTPDataResponse.h; sourceTree = "<group>"; };
		D9941AB817006AE000F858DA /* HTTPDataResponse.m */ = {isa = PBXFileReference; fileEncoding = 4; lastKnownFileType = sourcecode.c.objc; path = HTTPDataResponse.m; sourceTree = "<group>"; };
		D9941AB917006AE000F858DA /* HTTPDynamicFileResponse.h */ = {isa = PBXFileReference; fileEncoding = 4; lastKnownFileType = sourcecode.c.h; path = HTTPDynamicFileResponse.h; sourceTree = "<group>"; };
		D9941ABA17006AE000F858DA /* HTTPDynamicFileResponse.m */ = {isa = PBXFileReference; fileEncoding = 4; lastKnownFileType = sourcecode.c.objc; path = HTTPDynamicFileResponse.m; sourceTree = "<group>"; };
		D9941ABB17006AE000F858DA /* HTTPErrorResponse.h */ = {isa = PBXFileReference; fileEncoding = 4; lastKnownFileType = sourcecode.c.h; path = HTTPErrorResponse.h; sourceTree = "<group>"; };
		D9941ABC17006AE000F858DA /* HTTPErrorResponse.m */ = {isa = PBXFileReference; fileEncoding = 4; lastKnownFileType = sourcecode.c.objc; path = HTTPErrorResponse.m; sourceTree = "<group>"; };
		D9941ABD17006AE000F858DA /* HTTPFileResponse.h */ = {isa = PBXFileReference; fileEncoding = 4; lastKnownFileType = sourcecode.c.h; path = HTTPFileResponse.h; sourceTree = "<group>"; };
		D9941ABE17006AE000F858DA /* HTTPFileResponse.m */ = {isa = PBXFileReference; fileEncoding = 4; lastKnownFileType = sourcecode.c.objc; path = HTTPFileResponse.m; sourceTree = "<group>"; };
		D9941ABF17006AE000F858DA /* HTTPRedirectResponse.h */ = {isa = PBXFileReference; fileEncoding = 4; lastKnownFileType = sourcecode.c.h; path = HTTPRedirectResponse.h; sourceTree = "<group>"; };
		D9941AC017006AE000F858DA /* HTTPRedirectResponse.m */ = {isa = PBXFileReference; fileEncoding = 4; lastKnownFileType = sourcecode.c.objc; path = HTTPRedirectResponse.m; sourceTree = "<group>"; };
		D9941AC117006AE000F858DA /* WebSocket.h */ = {isa = PBXFileReference; fileEncoding = 4; lastKnownFileType = sourcecode.c.h; path = WebSocket.h; sourceTree = "<group>"; };
		D9941AC217006AE000F858DA /* WebSocket.m */ = {isa = PBXFileReference; fileEncoding = 4; lastKnownFileType = sourcecode.c.objc; path = WebSocket.m; sourceTree = "<group>"; };
/* End PBXFileReference section */

/* Begin PBXFrameworksBuildPhase section */
		D2AAC07C0554694100DB518D /* Frameworks */ = {
			isa = PBXFrameworksBuildPhase;
			buildActionMask = 2147483647;
			files = (
				C9E6366A1539F1C900BADBC8 /* CoreGraphics.framework in Frameworks */,
				C9E636681539F1C200BADBC8 /* CFNetwork.framework in Frameworks */,
				C9E636661539F1BB00BADBC8 /* UIKit.framework in Frameworks */,
				AACBBE4A0F95108600F1A2B1 /* Foundation.framework in Frameworks */,
			);
			runOnlyForDeploymentPostprocessing = 0;
		};
/* End PBXFrameworksBuildPhase section */

/* Begin PBXGroup section */
		034768DFFF38A50411DB9C8B /* Products */ = {
			isa = PBXGroup;
			children = (
				D2AAC07E0554694100DB518D /* libMattWebserver.a */,
			);
			name = Products;
			sourceTree = "<group>";
		};
		0867D691FE84028FC02AAC07 /* webserver */ = {
			isa = PBXGroup;
			children = (
				D9941A8417006ADA00F858DA /* Vendor */,
				08FB77AEFE84172EC02AAC07 /* Classes */,
				32C88DFF0371C24200C91783 /* Other Sources */,
				0867D69AFE84028FC02AAC07 /* Frameworks */,
				034768DFFF38A50411DB9C8B /* Products */,
			);
			name = webserver;
			sourceTree = "<group>";
		};
		0867D69AFE84028FC02AAC07 /* Frameworks */ = {
			isa = PBXGroup;
			children = (
				C9E636691539F1C900BADBC8 /* CoreGraphics.framework */,
				C9E636671539F1C200BADBC8 /* CFNetwork.framework */,
				C9E636651539F1BB00BADBC8 /* UIKit.framework */,
				AACBBE490F95108600F1A2B1 /* Foundation.framework */,
			);
			name = Frameworks;
			sourceTree = "<group>";
		};
		08FB77AEFE84172EC02AAC07 /* Classes */ = {
			isa = PBXGroup;
			children = (
				3E623105157009B2002FFA40 /* MyHTTPConnection.h */,
				3E623106157009B2002FFA40 /* MyHTTPConnection.m */,
				C9E2361115407FEB00B6F484 /* Com0x82WebserverCallbackProxy.h */,
				C9E2361215407FEB00B6F484 /* Com0x82WebserverCallbackProxy.m */,
				24DE9E0F11C5FE74003F90F6 /* Com0x82WebserverModuleAssets.h */,
				24DE9E1011C5FE74003F90F6 /* Com0x82WebserverModuleAssets.mm */,
				24DD6CF71134B3F500162E58 /* Com0x82WebserverModule.h */,
				24DD6CF81134B3F500162E58 /* Com0x82WebserverModule.m */,
				3E038345157F90980057069F /* MyHTTPFileResponse.h */,
				3E038346157F90980057069F /* MyHTTPFileResponse.m */,
				3E038341157F90610057069F /* MyHTTPDataResponse.h */,
				3E038342157F90610057069F /* MyHTTPDataResponse.m */,
			);
			name = Classes;
			sourceTree = "<group>";
		};
		32C88DFF0371C24200C91783 /* Other Sources */ = {
			isa = PBXGroup;
			children = (
				AA747D9E0F9514B9006C5449 /* MattWebserver_Prefix.pch */,
				24DD6D1B1134B66800162E58 /* titanium.xcconfig */,
			);
			name = "Other Sources";
			sourceTree = "<group>";
		};
		D9941A8417006ADA00F858DA /* Vendor */ = {
			isa = PBXGroup;
			children = (
				D9941A9B17006AE000F858DA /* Core */,
				D9941A8517006ADA00F858DA /* CocoaAsyncSocket */,
				D9941A8917006ADA00F858DA /* CocoaLumberjack */,
			);
			name = Vendor;
			path = CocoaHTTPServer/Vendor;
			sourceTree = "<group>";
		};
		D9941A8517006ADA00F858DA /* CocoaAsyncSocket */ = {
			isa = PBXGroup;
			children = (
				D9941A8617006ADA00F858DA /* About.txt */,
				D9941A8717006ADA00F858DA /* GCDAsyncSocket.h */,
				D9941A8817006ADA00F858DA /* GCDAsyncSocket.m */,
			);
			path = CocoaAsyncSocket;
			sourceTree = "<group>";
		};
		D9941A8917006ADA00F858DA /* CocoaLumberjack */ = {
			isa = PBXGroup;
			children = (
				D9941A8A17006ADA00F858DA /* About.txt */,
				D9941A8B17006ADA00F858DA /* DDAbstractDatabaseLogger.h */,
				D9941A8C17006ADA00F858DA /* DDAbstractDatabaseLogger.m */,
				D9941A8D17006ADA00F858DA /* DDASLLogger.h */,
				D9941A8E17006ADA00F858DA /* DDASLLogger.m */,
				D9941A8F17006ADA00F858DA /* DDFileLogger.h */,
				D9941A9017006ADA00F858DA /* DDFileLogger.m */,
				D9941A9117006ADA00F858DA /* DDLog.h */,
				D9941A9217006ADA00F858DA /* DDLog.m */,
				D9941A9317006ADA00F858DA /* DDTTYLogger.h */,
				D9941A9417006ADA00F858DA /* DDTTYLogger.m */,
				D9941A9517006ADA00F858DA /* Extensions */,
			);
			path = CocoaLumberjack;
			sourceTree = "<group>";
		};
		D9941A9517006ADA00F858DA /* Extensions */ = {
			isa = PBXGroup;
			children = (
				D9941A9617006ADA00F858DA /* ContextFilterLogFormatter.h */,
				D9941A9717006ADA00F858DA /* ContextFilterLogFormatter.m */,
				D9941A9817006ADA00F858DA /* DispatchQueueLogFormatter.h */,
				D9941A9917006ADA00F858DA /* DispatchQueueLogFormatter.m */,
				D9941A9A17006ADA00F858DA /* README.txt */,
			);
			path = Extensions;
			sourceTree = "<group>";
		};
		D9941A9B17006AE000F858DA /* Core */ = {
			isa = PBXGroup;
			children = (
				D9941A9C17006AE000F858DA /* Categories */,
				D9941AA317006AE000F858DA /* HTTPAuthenticationRequest.h */,
				D9941AA417006AE000F858DA /* HTTPAuthenticationRequest.m */,
				D9941AA517006AE000F858DA /* HTTPConnection.h */,
				D9941AA617006AE000F858DA /* HTTPConnection.m */,
				D9941AA717006AE000F858DA /* HTTPLogging.h */,
				D9941AA817006AE000F858DA /* HTTPMessage.h */,
				D9941AA917006AE000F858DA /* HTTPMessage.m */,
				D9941AAA17006AE000F858DA /* HTTPResponse.h */,
				D9941AAB17006AE000F858DA /* HTTPServer.h */,
				D9941AAC17006AE000F858DA /* HTTPServer.m */,
				D9941AAD17006AE000F858DA /* Mime */,
				D9941AB417006AE000F858DA /* Responses */,
				D9941AC117006AE000F858DA /* WebSocket.h */,
				D9941AC217006AE000F858DA /* WebSocket.m */,
			);
			name = Core;
			path = CocoaHTTPServer/Core;
			sourceTree = SOURCE_ROOT;
		};
		D9941A9C17006AE000F858DA /* Categories */ = {
			isa = PBXGroup;
			children = (
				D9941A9D17006AE000F858DA /* DDData.h */,
				D9941A9E17006AE000F858DA /* DDData.m */,
				D9941A9F17006AE000F858DA /* DDNumber.h */,
				D9941AA017006AE000F858DA /* DDNumber.m */,
				D9941AA117006AE000F858DA /* DDRange.h */,
				D9941AA217006AE000F858DA /* DDRange.m */,
			);
			path = Categories;
			sourceTree = "<group>";
		};
		D9941AAD17006AE000F858DA /* Mime */ = {
			isa = PBXGroup;
			children = (
				D9941AAE17006AE000F858DA /* MultipartFormDataParser.h */,
				D9941AAF17006AE000F858DA /* MultipartFormDataParser.m */,
				D9941AB017006AE000F858DA /* MultipartMessageHeader.h */,
				D9941AB117006AE000F858DA /* MultipartMessageHeader.m */,
				D9941AB217006AE000F858DA /* MultipartMessageHeaderField.h */,
				D9941AB317006AE000F858DA /* MultipartMessageHeaderField.m */,
			);
			path = Mime;
			sourceTree = "<group>";
		};
		D9941AB417006AE000F858DA /* Responses */ = {
			isa = PBXGroup;
			children = (
				D9941AB517006AE000F858DA /* HTTPAsyncFileResponse.h */,
				D9941AB617006AE000F858DA /* HTTPAsyncFileResponse.m */,
				D9941AB717006AE000F858DA /* HTTPDataResponse.h */,
				D9941AB817006AE000F858DA /* HTTPDataResponse.m */,
				D9941AB917006AE000F858DA /* HTTPDynamicFileResponse.h */,
				D9941ABA17006AE000F858DA /* HTTPDynamicFileResponse.m */,
				D9941ABB17006AE000F858DA /* HTTPErrorResponse.h */,
				D9941ABC17006AE000F858DA /* HTTPErrorResponse.m */,
				D9941ABD17006AE000F858DA /* HTTPFileResponse.h */,
				D9941ABE17006AE000F858DA /* HTTPFileResponse.m */,
				D9941ABF17006AE000F858DA /* HTTPRedirectResponse.h */,
				D9941AC017006AE000F858DA /* HTTPRedirectResponse.m */,
			);
			path = Responses;
			sourceTree = "<group>";
		};
/* End PBXGroup section */

/* Begin PBXHeadersBuildPhase section */
		D2AAC07A0554694100DB518D /* Headers */ = {
			isa = PBXHeadersBuildPhase;
			buildActionMask = 2147483647;
			files = (
				AA747D9F0F9514B9006C5449 /* MattWebserver_Prefix.pch in Headers */,
				24DD6CF91134B3F500162E58 /* Com0x82WebserverModule.h in Headers */,
				24DE9E1111C5FE74003F90F6 /* Com0x82WebserverModuleAssets.h in Headers */,
				C9E2361315407FEB00B6F484 /* Com0x82WebserverCallbackProxy.h in Headers */,
				3E623107157009B2002FFA40 /* MyHTTPConnection.h in Headers */,
				3E038343157F90610057069F /* MyHTTPDataResponse.h in Headers */,
				3E038347157F90980057069F /* MyHTTPFileResponse.h in Headers */,
			);
			runOnlyForDeploymentPostprocessing = 0;
		};
/* End PBXHeadersBuildPhase section */

/* Begin PBXNativeTarget section */
		D2AAC07D0554694100DB518D /* webserver */ = {
			isa = PBXNativeTarget;
			buildConfigurationList = 1DEB921E08733DC00010E9CD /* Build configuration list for PBXNativeTarget "webserver" */;
			buildPhases = (
				D2AAC07A0554694100DB518D /* Headers */,
				D2AAC07B0554694100DB518D /* Sources */,
				D2AAC07C0554694100DB518D /* Frameworks */,
			);
			buildRules = (
			);
			dependencies = (
			);
			name = webserver;
			productName = webserver;
			productReference = D2AAC07E0554694100DB518D /* libMattWebserver.a */;
			productType = "com.apple.product-type.library.static";
		};
/* End PBXNativeTarget section */

/* Begin PBXProject section */
		0867D690FE84028FC02AAC07 /* Project object */ = {
			isa = PBXProject;
			attributes = {
				LastUpgradeCheck = 0430;
			};
			buildConfigurationList = 1DEB922208733DC00010E9CD /* Build configuration list for PBXProject "webserver" */;
			compatibilityVersion = "Xcode 3.2";
			developmentRegion = English;
			hasScannedForEncodings = 1;
			knownRegions = (
				English,
				Japanese,
				French,
				German,
			);
			mainGroup = 0867D691FE84028FC02AAC07 /* webserver */;
			productRefGroup = 034768DFFF38A50411DB9C8B /* Products */;
			projectDirPath = "";
			projectRoot = "";
			targets = (
				D2AAC07D0554694100DB518D /* webserver */,
				24416B8111C4CA220047AFDD /* Build & Test */,
			);
		};
/* End PBXProject section */

/* Begin PBXShellScriptBuildPhase section */
		24416B8011C4CA220047AFDD /* ShellScript */ = {
			isa = PBXShellScriptBuildPhase;
			buildActionMask = 2147483647;
			files = (
			);
			inputPaths = (
			);
			outputPaths = (
			);
			runOnlyForDeploymentPostprocessing = 0;
			shellPath = /bin/sh;
			shellScript = "# shell script goes here\n\npython \"${TITANIUM_SDK}/titanium.py\" run --dir=\"${PROJECT_DIR}\"\nexit $?\n";
		};
/* End PBXShellScriptBuildPhase section */

/* Begin PBXSourcesBuildPhase section */
		D2AAC07B0554694100DB518D /* Sources */ = {
			isa = PBXSourcesBuildPhase;
			buildActionMask = 2147483647;
			files = (
				24DD6CFA1134B3F500162E58 /* Com0x82WebserverModule.m in Sources */,
				24DE9E1211C5FE74003F90F6 /* Com0x82WebserverModuleAssets.mm in Sources */,
				C9E2361415407FEB00B6F484 /* Com0x82WebserverCallbackProxy.m in Sources */,
				3E623108157009B2002FFA40 /* MyHTTPConnection.m in Sources */,
				3E038344157F90610057069F /* MyHTTPDataResponse.m in Sources */,
				3E038348157F90980057069F /* MyHTTPFileResponse.m in Sources */,
			);
			runOnlyForDeploymentPostprocessing = 0;
		};
/* End PBXSourcesBuildPhase section */

/* Begin PBXTargetDependency section */
		24416B8511C4CA280047AFDD /* PBXTargetDependency */ = {
			isa = PBXTargetDependency;
			target = D2AAC07D0554694100DB518D /* webserver */;
			targetProxy = 24416B8411C4CA280047AFDD /* PBXContainerItemProxy */;
		};
/* End PBXTargetDependency section */

/* Begin XCBuildConfiguration section */
		1DEB921F08733DC00010E9CD /* Debug */ = {
			isa = XCBuildConfiguration;
			baseConfigurationReference = 24DD6D1B1134B66800162E58 /* titanium.xcconfig */;
			buildSettings = {
				ARCHS = (
					armv6,
					armv7,
				);
				"ARCHS[sdk=iphoneos*]" = (
					armv6,
					armv7,
				);
				"ARCHS[sdk=iphonesimulator*]" = i386;
				CODE_SIGN_IDENTITY = "iPhone Developer";
				"CODE_SIGN_IDENTITY[sdk=iphoneos*]" = "iPhone Developer";
				DSTROOT = /tmp/MattWebserver.dst;
				GCC_C_LANGUAGE_STANDARD = c99;
				GCC_OPTIMIZATION_LEVEL = 0;
				GCC_PRECOMPILE_PREFIX_HEADER = YES;
				GCC_PREFIX_HEADER = MattWebserver_Prefix.pch;
				GCC_PREPROCESSOR_DEFINITIONS = "TI_VERSION=$(TI_VERSION)";
				GCC_THUMB_SUPPORT = NO;
				GCC_TREAT_WARNINGS_AS_ERRORS = NO;
				GCC_VERSION = "";
				GCC_WARN_ABOUT_RETURN_TYPE = NO;
				GCC_WARN_MISSING_PARENTHESES = NO;
				GCC_WARN_SHADOW = NO;
				GCC_WARN_STRICT_SELECTOR_MATCH = NO;
				GCC_WARN_UNUSED_FUNCTION = YES;
				GCC_WARN_UNUSED_PARAMETER = NO;
				GCC_WARN_UNUSED_VALUE = NO;
				GCC_WARN_UNUSED_VARIABLE = NO;
				INSTALL_PATH = /usr/local/lib;
				LIBRARY_SEARCH_PATHS = "";
				OTHER_CFLAGS = (
					"-DDEBUG",
					"-DTI_POST_1_2",
				);
				OTHER_LDFLAGS = "-ObjC";
				PRODUCT_NAME = MattWebserver;
				PROVISIONING_PROFILE = "";
				"PROVISIONING_PROFILE[sdk=iphoneos*]" = "";
				RUN_CLANG_STATIC_ANALYZER = NO;
				SDKROOT = iphoneos;
				USER_HEADER_SEARCH_PATHS = "";
			};
			name = Debug;
		};
		1DEB922008733DC00010E9CD /* Release */ = {
			isa = XCBuildConfiguration;
			baseConfigurationReference = 24DD6D1B1134B66800162E58 /* titanium.xcconfig */;
			buildSettings = {
				ALWAYS_SEARCH_USER_PATHS = NO;
				ARCHS = (
					armv6,
					armv7,
				);
				"ARCHS[sdk=iphoneos*]" = (
					armv6,
					armv7,
				);
				"ARCHS[sdk=iphonesimulator*]" = i386;
				DSTROOT = /tmp/MattWebserver.dst;
				GCC_C_LANGUAGE_STANDARD = c99;
				GCC_MODEL_TUNING = G5;
				GCC_OPTIMIZATION_LEVEL = 0;
				GCC_PRECOMPILE_PREFIX_HEADER = YES;
				GCC_PREFIX_HEADER = MattWebserver_Prefix.pch;
				GCC_PREPROCESSOR_DEFINITIONS = "TI_VERSION=$(TI_VERSION)";
				GCC_THUMB_SUPPORT = NO;
				GCC_TREAT_WARNINGS_AS_ERRORS = NO;
				GCC_VERSION = "";
				GCC_WARN_ABOUT_RETURN_TYPE = NO;
				GCC_WARN_MISSING_PARENTHESES = NO;
				GCC_WARN_SHADOW = NO;
				GCC_WARN_STRICT_SELECTOR_MATCH = NO;
				GCC_WARN_UNUSED_FUNCTION = YES;
				GCC_WARN_UNUSED_PARAMETER = NO;
				GCC_WARN_UNUSED_VALUE = NO;
				GCC_WARN_UNUSED_VARIABLE = NO;
				INSTALL_PATH = /usr/local/lib;
				IPHONEOS_DEPLOYMENT_TARGET = 4.0;
				LIBRARY_SEARCH_PATHS = "";
				OTHER_CFLAGS = "-DTI_POST_1_2";
				OTHER_LDFLAGS = "-ObjC";
				PRODUCT_NAME = MattWebserver;
				RUN_CLANG_STATIC_ANALYZER = NO;
				SDKROOT = iphoneos;
				USER_HEADER_SEARCH_PATHS = "";
			};
			name = Release;
		};
		1DEB922308733DC00010E9CD /* Debug */ = {
			isa = XCBuildConfiguration;
			baseConfigurationReference = 24DD6D1B1134B66800162E58 /* titanium.xcconfig */;
			buildSettings = {
				ARCHS = (
					armv6,
					armv7,
				);
				"ARCHS[sdk=iphoneos*]" = (
					armv6,
					armv7,
				);
				"ARCHS[sdk=iphonesimulator*]" = i386;
				CODE_SIGN_IDENTITY = "iPhone Developer";
				"CODE_SIGN_IDENTITY[sdk=iphoneos*]" = "iPhone Developer";
				DSTROOT = /tmp/MattWebserver.dst;
				GCC_C_LANGUAGE_STANDARD = c99;
				GCC_OPTIMIZATION_LEVEL = 0;
				GCC_PRECOMPILE_PREFIX_HEADER = YES;
				GCC_PREFIX_HEADER = MattWebserver_Prefix.pch;
				GCC_PREPROCESSOR_DEFINITIONS = "TI_VERSION=$(TI_VERSION)";
				GCC_THUMB_SUPPORT = NO;
				GCC_TREAT_WARNINGS_AS_ERRORS = NO;
				GCC_VERSION = "";
				GCC_WARN_ABOUT_RETURN_TYPE = NO;
				GCC_WARN_MISSING_PARENTHESES = NO;
				GCC_WARN_SHADOW = NO;
				GCC_WARN_STRICT_SELECTOR_MATCH = NO;
				GCC_WARN_UNUSED_FUNCTION = YES;
				GCC_WARN_UNUSED_PARAMETER = NO;
				GCC_WARN_UNUSED_VALUE = NO;
				GCC_WARN_UNUSED_VARIABLE = NO;
				INSTALL_PATH = /usr/local/lib;
				OTHER_CFLAGS = (
					"-DDEBUG",
					"-DTI_POST_1_2",
				);
				OTHER_LDFLAGS = "-ObjC";
				PRODUCT_NAME = MattWebserver;
				PROVISIONING_PROFILE = "";
				"PROVISIONING_PROFILE[sdk=iphoneos*]" = "";
				RUN_CLANG_STATIC_ANALYZER = NO;
				SDKROOT = iphoneos;
				USER_HEADER_SEARCH_PATHS = "";
			};
			name = Debug;
		};
		1DEB922408733DC00010E9CD /* Release */ = {
			isa = XCBuildConfiguration;
			baseConfigurationReference = 24DD6D1B1134B66800162E58 /* titanium.xcconfig */;
			buildSettings = {
				ALWAYS_SEARCH_USER_PATHS = NO;
				ARCHS = (
					armv6,
					armv7,
				);
				"ARCHS[sdk=iphoneos*]" = (
					armv6,
					armv7,
				);
				"ARCHS[sdk=iphonesimulator*]" = i386;
				DSTROOT = /tmp/MattWebserver.dst;
				GCC_C_LANGUAGE_STANDARD = c99;
				GCC_MODEL_TUNING = G5;
				GCC_OPTIMIZATION_LEVEL = 0;
				GCC_PRECOMPILE_PREFIX_HEADER = YES;
				GCC_PREFIX_HEADER = MattWebserver_Prefix.pch;
				GCC_PREPROCESSOR_DEFINITIONS = "TI_VERSION=$(TI_VERSION)";
				GCC_THUMB_SUPPORT = NO;
				GCC_TREAT_WARNINGS_AS_ERRORS = NO;
				GCC_VERSION = "";
				GCC_WARN_ABOUT_RETURN_TYPE = NO;
				GCC_WARN_MISSING_PARENTHESES = NO;
				GCC_WARN_SHADOW = NO;
				GCC_WARN_STRICT_SELECTOR_MATCH = NO;
				GCC_WARN_UNUSED_FUNCTION = YES;
				GCC_WARN_UNUSED_PARAMETER = NO;
				GCC_WARN_UNUSED_VALUE = NO;
				GCC_WARN_UNUSED_VARIABLE = NO;
				INSTALL_PATH = /usr/local/lib;
				IPHONEOS_DEPLOYMENT_TARGET = 4.0;
				OTHER_CFLAGS = "-DTI_POST_1_2";
				OTHER_LDFLAGS = "-ObjC";
				PRODUCT_NAME = MattWebserver;
				RUN_CLANG_STATIC_ANALYZER = NO;
				SDKROOT = iphoneos;
				USER_HEADER_SEARCH_PATHS = "";
			};
			name = Release;
		};
		24416B8211C4CA220047AFDD /* Debug */ = {
			isa = XCBuildConfiguration;
			baseConfigurationReference = 24DD6D1B1134B66800162E58 /* titanium.xcconfig */;
			buildSettings = {
				COPY_PHASE_STRIP = NO;
				GCC_DYNAMIC_NO_PIC = NO;
				GCC_OPTIMIZATION_LEVEL = 0;
				GCC_THUMB_SUPPORT = NO;
				PRODUCT_NAME = "Build & test";
			};
			name = Debug;
		};
		24416B8311C4CA220047AFDD /* Release */ = {
			isa = XCBuildConfiguration;
			baseConfigurationReference = 24DD6D1B1134B66800162E58 /* titanium.xcconfig */;
			buildSettings = {
				COPY_PHASE_STRIP = YES;
				DEBUG_INFORMATION_FORMAT = "dwarf-with-dsym";
				GCC_THUMB_SUPPORT = NO;
				PRODUCT_NAME = "Build & test";
				ZERO_LINK = NO;
			};
			name = Release;
		};
/* End XCBuildConfiguration section */

/* Begin XCConfigurationList section */
		1DEB921E08733DC00010E9CD /* Build configuration list for PBXNativeTarget "webserver" */ = {
			isa = XCConfigurationList;
			buildConfigurations = (
				1DEB921F08733DC00010E9CD /* Debug */,
				1DEB922008733DC00010E9CD /* Release */,
			);
			defaultConfigurationIsVisible = 0;
			defaultConfigurationName = Release;
		};
		1DEB922208733DC00010E9CD /* Build configuration list for PBXProject "webserver" */ = {
			isa = XCConfigurationList;
			buildConfigurations = (
				1DEB922308733DC00010E9CD /* Debug */,
				1DEB922408733DC00010E9CD /* Release */,
			);
			defaultConfigurationIsVisible = 0;
			defaultConfigurationName = Release;
		};
		24416B8A11C4CA520047AFDD /* Build configuration list for PBXAggregateTarget "Build & Test" */ = {
			isa = XCConfigurationList;
			buildConfigurations = (
				24416B8211C4CA220047AFDD /* Debug */,
				24416B8311C4CA220047AFDD /* Release */,
			);
			defaultConfigurationIsVisible = 0;
			defaultConfigurationName = Release;
		};
/* End XCConfigurationList section */
	};
	rootObject = 0867D690FE84028FC02AAC07 /* Project object */;
}
